
Microsoft Visual Studio Solution File, Format Version 12.00
# Visual Studio 15
Project("{FAE04EC0-301F-11D3-BF4B-00C04F79EFBC}") = "Controller", "Controller.csproj", "{90126AA5-B868-5A1C-7828-5810EF2D0970}"
EndProject
Project("{FAE04EC0-301F-11D3-BF4B-00C04F79EFBC}") = "Model", "Model.csproj", "{2DBC27CB-CAB8-961B-17E7-30335A477944}"
EndProject
Project("{FAE04EC0-301F-11D3-BF4B-00C04F79EFBC}") = "Network", "Network.csproj", "{ED3C87B3-BF86-6AD6-6C73-234D76A607EB}"
EndProject
Project("{FAE04EC0-301F-11D3-BF4B-00C04F79EFBC}") = "View", "View.csproj", "{E10ADC5E-B6E8-E753-2D7F-A0848CC98092}"
EndProject
Global
	GlobalSection(SolutionConfigurationPlatforms) = preSolution
		Debug|Any CPU = Debug|Any CPU
		Release|Any CPU = Release|Any CPU
	EndGlobalSection
	GlobalSection(ProjectConfigurationPlatforms) = postSolution
		{90126AA5-B868-5A1C-7828-5810EF2D0970}.Debug|Any CPU.ActiveCfg = Debug|Any CPU
		{90126AA5-B868-5A1C-7828-5810EF2D0970}.Debug|Any CPU.Build.0 = Debug|Any CPU
		{90126AA5-B868-5A1C-7828-5810EF2D0970}.Release|Any CPU.ActiveCfg = Release|Any CPU
		{90126AA5-B868-5A1C-7828-5810EF2D0970}.Release|Any CPU.Build.0 = Release|Any CPU
		{2DBC27CB-CAB8-961B-17E7-30335A477944}.Debug|Any CPU.ActiveCfg = Debug|Any CPU
		{2DBC27CB-CAB8-961B-17E7-30335A477944}.Debug|Any CPU.Build.0 = Debug|Any CPU
		{2DBC27CB-CAB8-961B-17E7-30335A477944}.Release|Any CPU.ActiveCfg = Release|Any CPU
		{2DBC27CB-CAB8-961B-17E7-30335A477944}.Release|Any CPU.Build.0 = Release|Any CPU
		{ED3C87B3-BF86-6AD6-6C73-234D76A607EB}.Debug|Any CPU.ActiveCfg = Debug|Any CPU
		{ED3C87B3-BF86-6AD6-6C73-234D76A607EB}.Debug|Any CPU.Build.0 = Debug|Any CPU
		{ED3C87B3-BF86-6AD6-6C73-234D76A607EB}.Release|Any CPU.ActiveCfg = Release|Any CPU
		{ED3C87B3-BF86-6AD6-6C73-234D76A607EB}.Release|Any CPU.Build.0 = Release|Any CPU
		{E10ADC5E-B6E8-E753-2D7F-A0848CC98092}.Debug|Any CPU.ActiveCfg = Debug|Any CPU
		{E10ADC5E-B6E8-E753-2D7F-A0848CC98092}.Debug|Any CPU.Build.0 = Debug|Any CPU
		{E10ADC5E-B6E8-E753-2D7F-A0848CC98092}.Release|Any CPU.ActiveCfg = Release|Any CPU
		{E10ADC5E-B6E8-E753-2D7F-A0848CC98092}.Release|Any CPU.Build.0 = Release|Any CPU
	EndGlobalSection
	GlobalSection(SolutionProperties) = preSolution
		HideSolutionNode = FALSE
	EndGlobalSection
EndGlobal
